// !$*UTF8*$!
{
	archiveVersion = 1;
	classes = {
	};
	objectVersion = 46;
	objects = {

/* Begin PBXBuildFile section */
		2B0BCD581A539C990082D3C5 /* AppDelegate.swift in Sources */ = {isa = PBXBuildFile; fileRef = 2B0BCD571A539C990082D3C5 /* AppDelegate.swift */; };
		2B0BCD5A1A539C990082D3C5 /* ViewController.swift in Sources */ = {isa = PBXBuildFile; fileRef = 2B0BCD591A539C990082D3C5 /* ViewController.swift */; };
		2B0BCD5D1A539C990082D3C5 /* Main.storyboard in Resources */ = {isa = PBXBuildFile; fileRef = 2B0BCD5B1A539C990082D3C5 /* Main.storyboard */; };
		2B0BCD5F1A539C990082D3C5 /* Images.xcassets in Resources */ = {isa = PBXBuildFile; fileRef = 2B0BCD5E1A539C990082D3C5 /* Images.xcassets */; };
		2B0BCD621A539C990082D3C5 /* LaunchScreen.xib in Resources */ = {isa = PBXBuildFile; fileRef = 2B0BCD601A539C990082D3C5 /* LaunchScreen.xib */; };
		2B0BCD6E1A539C990082D3C5 /* FaderForAvAudioPlayerTests.swift in Sources */ = {isa = PBXBuildFile; fileRef = 2B0BCD6D1A539C990082D3C5 /* FaderForAvAudioPlayerTests.swift */; };
/* End PBXBuildFile section */

/* Begin PBXContainerItemProxy section */
		2B0BCD681A539C990082D3C5 /* PBXContainerItemProxy */ = {
			isa = PBXContainerItemProxy;
			containerPortal = 2B0BCD4A1A539C990082D3C5 /* Project object */;
			proxyType = 1;
			remoteGlobalIDString = 2B0BCD511A539C990082D3C5;
			remoteInfo = FaderForAvAudioPlayer;
		};
/* End PBXContainerItemProxy section */

/* Begin PBXFileReference section */
		2B0BCD521A539C990082D3C5 /* FaderForAvAudioPlayer.app */ = {isa = PBXFileReference; explicitFileType = wrapper.application; includeInIndex = 0; path = FaderForAvAudioPlayer.app; sourceTree = BUILT_PRODUCTS_DIR; };
		2B0BCD561A539C990082D3C5 /* Info.plist */ = {isa = PBXFileReference; lastKnownFileType = text.plist.xml; path = Info.plist; sourceTree = "<group>"; };
		2B0BCD571A539C990082D3C5 /* AppDelegate.swift */ = {isa = PBXFileReference; lastKnownFileType = sourcecode.swift; path = AppDelegate.swift; sourceTree = "<group>"; };
		2B0BCD591A539C990082D3C5 /* ViewController.swift */ = {isa = PBXFileReference; lastKnownFileType = sourcecode.swift; path = ViewController.swift; sourceTree = "<group>"; };
		2B0BCD5C1A539C990082D3C5 /* Base */ = {isa = PBXFileReference; lastKnownFileType = file.storyboard; name = Base; path = Base.lproj/Main.storyboard; sourceTree = "<group>"; };
		2B0BCD5E1A539C990082D3C5 /* Images.xcassets */ = {isa = PBXFileReference; lastKnownFileType = folder.assetcatalog; path = Images.xcassets; sourceTree = "<group>"; };
		2B0BCD611A539C990082D3C5 /* Base */ = {isa = PBXFileReference; lastKnownFileType = file.xib; name = Base; path = Base.lproj/LaunchScreen.xib; sourceTree = "<group>"; };
		2B0BCD671A539C990082D3C5 /* FaderForAvAudioPlayerTests.xctest */ = {isa = PBXFileReference; explicitFileType = wrapper.cfbundle; includeInIndex = 0; path = FaderForAvAudioPlayerTests.xctest; sourceTree = BUILT_PRODUCTS_DIR; };
		2B0BCD6C1A539C990082D3C5 /* Info.plist */ = {isa = PBXFileReference; lastKnownFileType = text.plist.xml; path = Info.plist; sourceTree = "<group>"; };
		2B0BCD6D1A539C990082D3C5 /* FaderForAvAudioPlayerTests.swift */ = {isa = PBXFileReference; lastKnownFileType = sourcecode.swift; path = FaderForAvAudioPlayerTests.swift; sourceTree = "<group>"; };
/* End PBXFileReference section */

/* Begin PBXFrameworksBuildPhase section */
		2B0BCD4F1A539C990082D3C5 /* Frameworks */ = {
			isa = PBXFrameworksBuildPhase;
			buildActionMask = 2147483647;
			files = (
			);
			runOnlyForDeploymentPostprocessing = 0;
		};
		2B0BCD641A539C990082D3C5 /* Frameworks */ = {
			isa = PBXFrameworksBuildPhase;
			buildActionMask = 2147483647;
			files = (
			);
			runOnlyForDeploymentPostprocessing = 0;
		};
/* End PBXFrameworksBuildPhase section */

/* Begin PBXGroup section */
		2B0BCD491A539C990082D3C5 = {
			isa = PBXGroup;
			children = (
				2B0BCD541A539C990082D3C5 /* FaderForAvAudioPlayer */,
				2B0BCD6A1A539C990082D3C5 /* FaderForAvAudioPlayerTests */,
				2B0BCD531A539C990082D3C5 /* Products */,
			);
			sourceTree = "<group>";
		};
		2B0BCD531A539C990082D3C5 /* Products */ = {
			isa = PBXGroup;
			children = (
				2B0BCD521A539C990082D3C5 /* FaderForAvAudioPlayer.app */,
				2B0BCD671A539C990082D3C5 /* FaderForAvAudioPlayerTests.xctest */,
			);
			name = Products;
			sourceTree = "<group>";
		};
		2B0BCD541A539C990082D3C5 /* FaderForAvAudioPlayer */ = {
			isa = PBXGroup;
			children = (
				2B0BCD571A539C990082D3C5 /* AppDelegate.swift */,
				2B0BCD591A539C990082D3C5 /* ViewController.swift */,
				2B0BCD5B1A539C990082D3C5 /* Main.storyboard */,
				2B0BCD5E1A539C990082D3C5 /* Images.xcassets */,
				2B0BCD601A539C990082D3C5 /* LaunchScreen.xib */,
				2B0BCD551A539C990082D3C5 /* Supporting Files */,
			);
			path = FaderForAvAudioPlayer;
			sourceTree = "<group>";
		};
		2B0BCD551A539C990082D3C5 /* Supporting Files */ = {
			isa = PBXGroup;
			children = (
				2B0BCD561A539C990082D3C5 /* Info.plist */,
			);
			name = "Supporting Files";
			sourceTree = "<group>";
		};
		2B0BCD6A1A539C990082D3C5 /* FaderForAvAudioPlayerTests */ = {
			isa = PBXGroup;
			children = (
				2B0BCD6D1A539C990082D3C5 /* FaderForAvAudioPlayerTests.swift */,
				2B0BCD6B1A539C990082D3C5 /* Supporting Files */,
			);
			path = FaderForAvAudioPlayerTests;
			sourceTree = "<group>";
		};
		2B0BCD6B1A539C990082D3C5 /* Supporting Files */ = {
			isa = PBXGroup;
			children = (
				2B0BCD6C1A539C990082D3C5 /* Info.plist */,
			);
			name = "Supporting Files";
			sourceTree = "<group>";
		};
/* End PBXGroup section */

/* Begin PBXNativeTarget section */
		2B0BCD511A539C990082D3C5 /* FaderForAvAudioPlayer */ = {
			isa = PBXNativeTarget;
			buildConfigurationList = 2B0BCD711A539C990082D3C5 /* Build configuration list for PBXNativeTarget "FaderForAvAudioPlayer" */;
			buildPhases = (
				2B0BCD4E1A539C990082D3C5 /* Sources */,
				2B0BCD4F1A539C990082D3C5 /* Frameworks */,
				2B0BCD501A539C990082D3C5 /* Resources */,
			);
			buildRules = (
			);
			dependencies = (
			);
			name = FaderForAvAudioPlayer;
			productName = FaderForAvAudioPlayer;
			productReference = 2B0BCD521A539C990082D3C5 /* FaderForAvAudioPlayer.app */;
			productType = "com.apple.product-type.application";
		};
		2B0BCD661A539C990082D3C5 /* FaderForAvAudioPlayerTests */ = {
			isa = PBXNativeTarget;
			buildConfigurationList = 2B0BCD741A539C990082D3C5 /* Build configuration list for PBXNativeTarget "FaderForAvAudioPlayerTests" */;
			buildPhases = (
				2B0BCD631A539C990082D3C5 /* Sources */,
				2B0BCD641A539C990082D3C5 /* Frameworks */,
				2B0BCD651A539C990082D3C5 /* Resources */,
			);
			buildRules = (
			);
			dependencies = (
				2B0BCD691A539C990082D3C5 /* PBXTargetDependency */,
			);
			name = FaderForAvAudioPlayerTests;
			productName = FaderForAvAudioPlayerTests;
			productReference = 2B0BCD671A539C990082D3C5 /* FaderForAvAudioPlayerTests.xctest */;
			productType = "com.apple.product-type.bundle.unit-test";
		};
/* End PBXNativeTarget section */

/* Begin PBXProject section */
		2B0BCD4A1A539C990082D3C5 /* Project object */ = {
			isa = PBXProject;
			attributes = {
				LastUpgradeCheck = 0610;
				ORGANIZATIONNAME = "Evgenii Neumerzhitckii";
				TargetAttributes = {
					2B0BCD511A539C990082D3C5 = {
						CreatedOnToolsVersion = 6.1.1;
					};
					2B0BCD661A539C990082D3C5 = {
						CreatedOnToolsVersion = 6.1.1;
						TestTargetID = 2B0BCD511A539C990082D3C5;
					};
				};
			};
			buildConfigurationList = 2B0BCD4D1A539C990082D3C5 /* Build configuration list for PBXProject "FaderForAvAudioPlayer" */;
			compatibilityVersion = "Xcode 3.2";
			developmentRegion = English;
			hasScannedForEncodings = 0;
			knownRegions = (
				en,
				Base,
			);
			mainGroup = 2B0BCD491A539C990082D3C5;
			productRefGroup = 2B0BCD531A539C990082D3C5 /* Products */;
			projectDirPath = "";
			projectRoot = "";
			targets = (
				2B0BCD511A539C990082D3C5 /* FaderForAvAudioPlayer */,
				2B0BCD661A539C990082D3C5 /* FaderForAvAudioPlayerTests */,
			);
		};
/* End PBXProject section */

/* Begin PBXResourcesBuildPhase section */
		2B0BCD501A539C990082D3C5 /* Resources */ = {
			isa = PBXResourcesBuildPhase;
			buildActionMask = 2147483647;
			files = (
				2B0BCD5D1A539C990082D3C5 /* Main.storyboard in Resources */,
				2B0BCD621A539C990082D3C5 /* LaunchScreen.xib in Resources */,
				2B0BCD5F1A539C990082D3C5 /* Images.xcassets in Resources */,
			);
			runOnlyForDeploymentPostprocessing = 0;
		};
		2B0BCD651A539C990082D3C5 /* Resources */ = {
			isa = PBXResourcesBuildPhase;
			buildActionMask = 2147483647;
			files = (
			);
			runOnlyForDeploymentPostprocessing = 0;
		};
/* End PBXResourcesBuildPhase section */

/* Begin PBXSourcesBuildPhase section */
		2B0BCD4E1A539C990082D3C5 /* Sources */ = {
			isa = PBXSourcesBuildPhase;
			buildActionMask = 2147483647;
			files = (
				2B0BCD5A1A539C990082D3C5 /* ViewController.swift in Sources */,
				2B0BCD581A539C990082D3C5 /* AppDelegate.swift in Sources */,
			);
			runOnlyForDeploymentPostprocessing = 0;
		};
		2B0BCD631A539C990082D3C5 /* Sources */ = {
			isa = PBXSourcesBuildPhase;
			buildActionMask = 2147483647;
			files = (
				2B0BCD6E1A539C990082D3C5 /* FaderForAvAudioPlayerTests.swift in Sources */,
			);
			runOnlyForDeploymentPostprocessing = 0;
		};
/* End PBXSourcesBuildPhase section */

/* Begin PBXTargetDependency section */
		2B0BCD691A539C990082D3C5 /* PBXTargetDependency */ = {
			isa = PBXTargetDependency;
			target = 2B0BCD511A539C990082D3C5 /* FaderForAvAudioPlayer */;
			targetProxy = 2B0BCD681A539C990082D3C5 /* PBXContainerItemProxy */;
		};
/* End PBXTargetDependency section */

/* Begin PBXVariantGroup section */
		2B0BCD5B1A539C990082D3C5 /* Main.storyboard */ = {
			isa = PBXVariantGroup;
			children = (
				2B0BCD5C1A539C990082D3C5 /* Base */,
			);
			name = Main.storyboard;
			sourceTree = "<group>";
		};
		2B0BCD601A539C990082D3C5 /* LaunchScreen.xib */ = {
			isa = PBXVariantGroup;
			children = (
				2B0BCD611A539C990082D3C5 /* Base */,
			);
			name = LaunchScreen.xib;
			sourceTree = "<group>";
		};
/* End PBXVariantGroup section */

/* Begin XCBuildConfiguration section */
		2B0BCD6F1A539C990082D3C5 /* Debug */ = {
			isa = XCBuildConfiguration;
			buildSettings = {
				ALWAYS_SEARCH_USER_PATHS = NO;
				CLANG_CXX_LANGUAGE_STANDARD = "gnu++0x";
				CLANG_CXX_LIBRARY = "libc++";
				CLANG_ENABLE_MODULES = YES;
				CLANG_ENABLE_OBJC_ARC = YES;
				CLANG_WARN_BOOL_CONVERSION = YES;
				CLANG_WARN_CONSTANT_CONVERSION = YES;
				CLANG_WARN_DIRECT_OBJC_ISA_USAGE = YES_ERROR;
				CLANG_WARN_EMPTY_BODY = YES;
				CLANG_WARN_ENUM_CONVERSION = YES;
				CLANG_WARN_INT_CONVERSION = YES;
				CLANG_WARN_OBJC_ROOT_CLASS = YES_ERROR;
				CLANG_WARN_UNREACHABLE_CODE = YES;
				CLANG_WARN__DUPLICATE_METHOD_MATCH = YES;
				"CODE_SIGN_IDENTITY[sdk=iphoneos*]" = "iPhone Developer";
				COPY_PHASE_STRIP = NO;
				ENABLE_STRICT_OBJC_MSGSEND = YES;
				GCC_C_LANGUAGE_STANDARD = gnu99;
				GCC_DYNAMIC_NO_PIC = NO;
				GCC_OPTIMIZATION_LEVEL = 0;
				GCC_PREPROCESSOR_DEFINITIONS = (
					"DEBUG=1",
					"$(inherited)",
				);
				GCC_SYMBOLS_PRIVATE_EXTERN = NO;
				GCC_WARN_64_TO_32_BIT_CONVERSION = YES;
				GCC_WARN_ABOUT_RETURN_TYPE = YES_ERROR;
				GCC_WARN_UNDECLARED_SELECTOR = YES;
				GCC_WARN_UNINITIALIZED_AUTOS = YES_AGGRESSIVE;
				GCC_WARN_UNUSED_FUNCTION = YES;
				GCC_WARN_UNUSED_VARIABLE = YES;
				IPHONEOS_DEPLOYMENT_TARGET = 8.1;
				MTL_ENABLE_DEBUG_INFO = YES;
				ONLY_ACTIVE_ARCH = YES;
				SDKROOT = iphoneos;
				SWIFT_OPTIMIZATION_LEVEL = "-Onone";
				TARGETED_DEVICE_FAMILY = "1,2";
			};
			name = Debug;
		};
		2B0BCD701A539C990082D3C5 /* Release */ = {
			isa = XCBuildConfiguration;
			buildSettings = {
				ALWAYS_SEARCH_USER_PATHS = NO;
				CLANG_CXX_LANGUAGE_STANDARD = "gnu++0x";
				CLANG_CXX_LIBRARY = "libc++";
				CLANG_ENABLE_MODULES = YES;
				CLANG_ENABLE_OBJC_ARC = YES;
				CLANG_WARN_BOOL_CONVERSION = YES;
				CLANG_WARN_CONSTANT_CONVERSION = YES;
				CLANG_WARN_DIRECT_OBJC_ISA_USAGE = YES_ERROR;
				CLANG_WARN_EMPTY_BODY = YES;
				CLANG_WARN_ENUM_CONVERSION = YES;
				CLANG_WARN_INT_CONVERSION = YES;
				CLANG_WARN_OBJC_ROOT_CLASS = YES_ERROR;
				CLANG_WARN_UNREACHABLE_CODE = YES;
				CLANG_WARN__DUPLICATE_METHOD_MATCH = YES;
				"CODE_SIGN_IDENTITY[sdk=iphoneos*]" = "iPhone Developer";
				COPY_PHASE_STRIP = YES;
				ENABLE_NS_ASSERTIONS = NO;
				ENABLE_STRICT_OBJC_MSGSEND = YES;
				GCC_C_LANGUAGE_STANDARD = gnu99;
				GCC_WARN_64_TO_32_BIT_CONVERSION = YES;
				GCC_WARN_ABOUT_RETURN_TYPE = YES_ERROR;
				GCC_WARN_UNDECLARED_SELECTOR = YES;
				GCC_WARN_UNINITIALIZED_AUTOS = YES_AGGRESSIVE;
				GCC_WARN_UNUSED_FUNCTION = YES;
				GCC_WARN_UNUSED_VARIABLE = YES;
				IPHONEOS_DEPLOYMENT_TARGET = 8.1;
				MTL_ENABLE_DEBUG_INFO = NO;
				SDKROOT = iphoneos;
				TARGETED_DEVICE_FAMILY = "1,2";
				VALIDATE_PRODUCT = YES;
			};
			name = Release;
		};
		2B0BCD721A539C990082D3C5 /* Debug */ = {
			isa = XCBuildConfiguration;
			buildSettings = {
				ASSETCATALOG_COMPILER_APPICON_NAME = AppIcon;
				INFOPLIST_FILE = FaderForAvAudioPlayer/Info.plist;
				LD_RUNPATH_SEARCH_PATHS = "$(inherited) @executable_path/Frameworks";
				PRODUCT_NAME = "$(TARGET_NAME)";
			};
			name = Debug;
		};
		2B0BCD731A539C990082D3C5 /* Release */ = {
			isa = XCBuildConfiguration;
			buildSettings = {
				ASSETCATALOG_COMPILER_APPICON_NAME = AppIcon;
				INFOPLIST_FILE = FaderForAvAudioPlayer/Info.plist;
				LD_RUNPATH_SEARCH_PATHS = "$(inherited) @executable_path/Frameworks";
				PRODUCT_NAME = "$(TARGET_NAME)";
			};
			name = Release;
		};
		2B0BCD751A539C990082D3C5 /* Debug */ = {
			isa = XCBuildConfiguration;
			buildSettings = {
				BUNDLE_LOADER = "$(TEST_HOST)";
				FRAMEWORK_SEARCH_PATHS = (
					"$(SDKROOT)/Developer/Library/Frameworks",
					"$(inherited)",
				);
				GCC_PREPROCESSOR_DEFINITIONS = (
					"DEBUG=1",
					"$(inherited)",
				);
				INFOPLIST_FILE = FaderForAvAudioPlayerTests/Info.plist;
				LD_RUNPATH_SEARCH_PATHS = "$(inherited) @executable_path/Frameworks @loader_path/Frameworks";
				PRODUCT_NAME = "$(TARGET_NAME)";
				TEST_HOST = "$(BUILT_PRODUCTS_DIR)/FaderForAvAudioPlayer.app/FaderForAvAudioPlayer";
			};
			name = Debug;
		};
		2B0BCD761A539C990082D3C5 /* Release */ = {
			isa = XCBuildConfiguration;
			buildSettings = {
				BUNDLE_LOADER = "$(TEST_HOST)";
				FRAMEWORK_SEARCH_PATHS = (
					"$(SDKROOT)/Developer/Library/Frameworks",
					"$(inherited)",
				);
				INFOPLIST_FILE = FaderForAvAudioPlayerTests/Info.plist;
				LD_RUNPATH_SEARCH_PATHS = "$(inherited) @executable_path/Frameworks @loader_path/Frameworks";
				PRODUCT_NAME = "$(TARGET_NAME)";
				TEST_HOST = "$(BUILT_PRODUCTS_DIR)/FaderForAvAudioPlayer.app/FaderForAvAudioPlayer";
			};
			name = Release;
		};
/* End XCBuildConfiguration section */

/* Begin XCConfigurationList section */
		2B0BCD4D1A539C990082D3C5 /* Build configuration list for PBXProject "FaderForAvAudioPlayer" */ = {
			isa = XCConfigurationList;
			buildConfigurations = (
				2B0BCD6F1A539C990082D3C5 /* Debug */,
				2B0BCD701A539C990082D3C5 /* Release */,
			);
			defaultConfigurationIsVisible = 0;
			defaultConfigurationName = Release;
		};
		2B0BCD711A539C990082D3C5 /* Build configuration list for PBXNativeTarget "FaderForAvAudioPlayer" */ = {
			isa = XCConfigurationList;
			buildConfigurations = (
				2B0BCD721A539C990082D3C5 /* Debug */,
				2B0BCD731A539C990082D3C5 /* Release */,
			);
			defaultConfigurationIsVisible = 0;
		};
		2B0BCD741A539C990082D3C5 /* Build configuration list for PBXNativeTarget "FaderForAvAudioPlayerTests" */ = {
			isa = XCConfigurationList;
			buildConfigurations = (
				2B0BCD751A539C990082D3C5 /* Debug */,
				2B0BCD761A539C990082D3C5 /* Release */,
			);
			defaultConfigurationIsVisible = 0;
		};
/* End XCConfigurationList section */
	};
	rootObject = 2B0BCD4A1A539C990082D3C5 /* Project object */;
}
